
Microsoft Visual Studio Solution File, Format Version 12.00
# Visual Studio Version 17
VisualStudioVersion = 17.13.35931.197 d17.13
MinimumVisualStudioVersion = 10.0.40219.1
Project("{FAE04EC0-301F-11D3-BF4B-00C04F79EFBC}") = "semana3console", "semana3console\semana3console.csproj", "{56D44E24-31E7-42CF-B96F-0E20F0D282E5}"
EndProject
Global
	GlobalSection(SolutionConfigurationPlatforms) = preSolution
		Debug|Any CPU = Debug|Any CPU
		Release|Any CPU = Release|Any CPU
	EndGlobalSection
	GlobalSection(ProjectConfigurationPlatforms) = postSolution
		{56D44E24-31E7-42CF-B96F-0E20F0D282E5}.Debug|Any CPU.ActiveCfg = Debug|Any CPU
		{56D44E24-31E7-42CF-B96F-0E20F0D282E5}.Debug|Any CPU.Build.0 = Debug|Any CPU
		{56D44E24-31E7-42CF-B96F-0E20F0D282E5}.Release|Any CPU.ActiveCfg = Release|Any CPU
		{56D44E24-31E7-42CF-B96F-0E20F0D282E5}.Release|Any CPU.Build.0 = Release|Any CPU
	EndGlobalSection
	GlobalSection(SolutionProperties) = preSolution
		HideSolutionNode = FALSE
	EndGlobalSection
	GlobalSection(ExtensibilityGlobals) = postSolution
		SolutionGuid = {E40971C1-133F-4DDB-AD98-20AC8DE81EB2}
	EndGlobalSection
EndGlobal
